
Microsoft Visual Studio Solution File, Format Version 12.00
# Visual Studio Version 17
VisualStudioVersion = 17.3.32929.385
MinimumVisualStudioVersion = 10.0.40219.1
Project("{FAE04EC0-301F-11D3-BF4B-00C04F79EFBC}") = "Lab8_1057021", "Lab8_1057021\Lab8_1057021.csproj", "{B707AEB9-EFFA-446E-991E-B7A8A051EF17}"
EndProject
Global
	GlobalSection(SolutionConfigurationPlatforms) = preSolution
		Debug|Any CPU = Debug|Any CPU
		Release|Any CPU = Release|Any CPU
	EndGlobalSection
	GlobalSection(ProjectConfigurationPlatforms) = postSolution
		{B707AEB9-EFFA-446E-991E-B7A8A051EF17}.Debug|Any CPU.ActiveCfg = Debug|Any CPU
		{B707AEB9-EFFA-446E-991E-B7A8A051EF17}.Debug|Any CPU.Build.0 = Debug|Any CPU
		{B707AEB9-EFFA-446E-991E-B7A8A051EF17}.Release|Any CPU.ActiveCfg = Release|Any CPU
		{B707AEB9-EFFA-446E-991E-B7A8A051EF17}.Release|Any CPU.Build.0 = Release|Any CPU
	EndGlobalSection
	GlobalSection(SolutionProperties) = preSolution
		HideSolutionNode = FALSE
	EndGlobalSection
	GlobalSection(ExtensibilityGlobals) = postSolution
		SolutionGuid = {5822B41B-616C-4C31-B000-166977DCB4A0}
	EndGlobalSection
EndGlobal
